
Microsoft Visual Studio Solution File, Format Version 12.00
# Visual Studio Version 17
VisualStudioVersion = 17.9.34622.214
MinimumVisualStudioVersion = 10.0.40219.1
Project("{2150E333-8FDC-42A3-9474-1A3956D46DE8}") = "Services", "Services", "{A7D2E7D6-B2AB-40DA-8E33-16052D8BEDAC}"
EndProject
Project("{2150E333-8FDC-42A3-9474-1A3956D46DE8}") = "Catalog", "Catalog", "{55570792-C708-49A3-B505-48B66D681702}"
EndProject
Project("{9A19103F-16F7-4668-BE54-9A1E7A4F7556}") = "MultiShop.Catalog", "Services\Catalog\MultiShop.Catalog\MultiShop.Catalog.csproj", "{ACD4145A-1ED7-40C3-8176-36251DC8A795}"
EndProject
Project("{2150E333-8FDC-42A3-9474-1A3956D46DE8}") = "Discount", "Discount", "{37D82408-7A6B-47AC-B6A8-20833ED00333}"
EndProject
Project("{9A19103F-16F7-4668-BE54-9A1E7A4F7556}") = "MultiShop.Discount", "Services\Discount\MultiShop.Discount\MultiShop.Discount.csproj", "{0B90B4BE-FEB2-4BA4-98E7-0AA533305420}"
EndProject
Project("{2150E333-8FDC-42A3-9474-1A3956D46DE8}") = "Order", "Order", "{00DBFD08-C329-4300-9C3B-D0BD7C2F4A87}"
EndProject
Project("{2150E333-8FDC-42A3-9474-1A3956D46DE8}") = "Infrastructure", "Infrastructure", "{9C7BB584-F782-42BE-8737-77477A84C391}"
EndProject
Project("{2150E333-8FDC-42A3-9474-1A3956D46DE8}") = "Core", "Core", "{5D555DEA-304B-47B6-8515-BD36D24FF11A}"
EndProject
Project("{2150E333-8FDC-42A3-9474-1A3956D46DE8}") = "Presentation", "Presentation", "{614FF488-C01D-4CD4-9AEC-FB404FC6439C}"
EndProject
Project("{9A19103F-16F7-4668-BE54-9A1E7A4F7556}") = "MultiShop.Order.Application", "Services\Order\Core\MultiShop.Order.Application\MultiShop.Order.Application.csproj", "{F62E22D8-A554-4E5A-A8A4-523644B7CC0B}"
EndProject
Project("{9A19103F-16F7-4668-BE54-9A1E7A4F7556}") = "MultiShop.Order.Domain", "Services\Order\Core\MultiShop.Order.Domain\MultiShop.Order.Domain.csproj", "{AC7AC089-260C-4FCC-B8A5-6F25B1B7EC17}"
EndProject
Project("{9A19103F-16F7-4668-BE54-9A1E7A4F7556}") = "MultiShop.Order.Persistence", "Services\Order\Infrastructure\MultiShop.Order.Persistence\MultiShop.Order.Persistence.csproj", "{A9990407-E4DC-4A71-A29F-FB7F61C6F4BA}"
EndProject
Project("{9A19103F-16F7-4668-BE54-9A1E7A4F7556}") = "MultiShop.Order.WebApi", "Services\Order\Presentation\MultiShop.Order.WebApi\MultiShop.Order.WebApi.csproj", "{E3EE73DC-1139-48AC-8AC3-E12A283F6213}"
EndProject
Project("{2150E333-8FDC-42A3-9474-1A3956D46DE8}") = "IdentityServer", "IdentityServer", "{A61E1FE0-9906-4441-A747-4B0C28B8DA61}"
EndProject
Project("{9A19103F-16F7-4668-BE54-9A1E7A4F7556}") = "MultiShop.IdentityServer", "IdentityServer\MultiShop.IdentityServer\MultiShop.IdentityServer.csproj", "{E43CD1A1-099B-4A96-906C-6E563C8E65CD}"
EndProject
Project("{2150E333-8FDC-42A3-9474-1A3956D46DE8}") = "Requirements", "Requirements", "{9DB1C17A-379E-40FD-93E3-02E848AA96AA}"
	ProjectSection(SolutionItems) = preProject
		OcelotTestLink.txt = OcelotTestLink.txt
		PortainerCmd.txt = PortainerCmd.txt
		PortNumbers.txt = PortNumbers.txt
	EndProjectSection
EndProject
Project("{2150E333-8FDC-42A3-9474-1A3956D46DE8}") = "Cargo", "Cargo", "{2E967E9C-559F-42AC-B7E1-29AB1C122CD3}"
EndProject
Project("{9A19103F-16F7-4668-BE54-9A1E7A4F7556}") = "MultiShop.Cargo.EntityLayer", "Services\Cargo\MultiShop.Cargo.EntityLayer\MultiShop.Cargo.EntityLayer.csproj", "{76E78DED-D2E0-4E8A-9CA5-AA0C7F372ED7}"
EndProject
Project("{9A19103F-16F7-4668-BE54-9A1E7A4F7556}") = "MultiShop.Cargo.BusinessLayer", "Services\Cargo\MultiShop.Cargo.BunsinessLayer\MultiShop.Cargo.BusinessLayer.csproj", "{D97CC8B3-A1E0-407F-B163-0EA46CCF13EB}"
EndProject
Project("{9A19103F-16F7-4668-BE54-9A1E7A4F7556}") = "MultiShop.Cargo.DataAccesLayer", "Services\Cargo\MultiShop.Cargo.DataAccesLayer\MultiShop.Cargo.DataAccesLayer.csproj", "{F8DA95F7-BD7D-4976-A88E-341343376E96}"
EndProject
Project("{9A19103F-16F7-4668-BE54-9A1E7A4F7556}") = "MultiShop.Cargo.DtoLayer", "Services\Cargo\MultiShop.Cargo.DtoLayer\MultiShop.Cargo.DtoLayer.csproj", "{E796C730-4B5D-41D1-8E14-E1E1B1CFDF98}"
EndProject
Project("{9A19103F-16F7-4668-BE54-9A1E7A4F7556}") = "MultiShop.Cargo.WebApi", "Services\Cargo\MultiShop.Cargo.WebApi\MultiShop.Cargo.WebApi.csproj", "{F748F98F-D989-459B-97F7-4A400AFA2380}"
EndProject
Project("{2150E333-8FDC-42A3-9474-1A3956D46DE8}") = "Basket", "Basket", "{5B4DB18E-7B27-4D75-B004-E59DA8B0E671}"
EndProject
Project("{9A19103F-16F7-4668-BE54-9A1E7A4F7556}") = "MultiShop.Basket", "Services\Basket\MultiShop.Basket\MultiShop.Basket.csproj", "{73DF49B9-31BB-42ED-93CD-16FC98C2817A}"
EndProject
Project("{2150E333-8FDC-42A3-9474-1A3956D46DE8}") = "Frontend", "Frontend", "{01D9475D-8006-4927-9C6C-44A5728BCAD5}"
EndProject
Project("{9A19103F-16F7-4668-BE54-9A1E7A4F7556}") = "MultiShop.WebUı", "Frontend\MultiShop.WebUı\MultiShop.WebUı.csproj", "{B98FF124-C645-4A5F-B6C6-EC0AEEBDA2A7}"
EndProject
Project("{9A19103F-16F7-4668-BE54-9A1E7A4F7556}") = "MultiShop.DtoLayer", "Frontend\MultiShop.DtoLayer\MultiShop.DtoLayer.csproj", "{9E018BE4-39BE-48D1-A223-5B830F5FF396}"
EndProject
Project("{2150E333-8FDC-42A3-9474-1A3956D46DE8}") = "Comment", "Comment", "{E7CF77B6-988B-4E25-A621-F39537F962F6}"
EndProject
Project("{9A19103F-16F7-4668-BE54-9A1E7A4F7556}") = "MultiShop.Comment", "Services\Comment\MultiShop.Comment\MultiShop.Comment.csproj", "{5BEE3A8B-25ED-4A4B-ADCF-03CFFCCA34BA}"
EndProject
Project("{2150E333-8FDC-42A3-9474-1A3956D46DE8}") = "ApiGateway", "ApiGateway", "{ADA518EA-5D75-4465-8A9F-288779266EB9}"
EndProject
Project("{2150E333-8FDC-42A3-9474-1A3956D46DE8}") = "RapidApi", "RapidApi", "{CB8F55DE-CECC-4202-86E9-ADE8869CA266}"
EndProject
Project("{9A19103F-16F7-4668-BE54-9A1E7A4F7556}") = "MultiShop.OcelotGateway", "ApiGateway\MultiShop.OcelotGateway\MultiShop.OcelotGateway.csproj", "{3BF60FB5-9C16-4AD2-AEE9-F96F18F7EC84}"
EndProject
Project("{2150E333-8FDC-42A3-9474-1A3956D46DE8}") = "Message", "Message", "{D65033A6-4D32-49B4-B6AB-0FE349B15CDE}"
EndProject
Project("{FAE04EC0-301F-11D3-BF4B-00C04F79EFBC}") = "MultiShop.Message", "Services\Message\MultiShop.Message\MultiShop.Message.csproj", "{206ABFF0-4C45-47CE-A13C-B9CE9D8E0D4C}"
EndProject
Global
	GlobalSection(SolutionConfigurationPlatforms) = preSolution
		Debug|Any CPU = Debug|Any CPU
		Release|Any CPU = Release|Any CPU
	EndGlobalSection
	GlobalSection(ProjectConfigurationPlatforms) = postSolution
		{ACD4145A-1ED7-40C3-8176-36251DC8A795}.Debug|Any CPU.ActiveCfg = Debug|Any CPU
		{ACD4145A-1ED7-40C3-8176-36251DC8A795}.Debug|Any CPU.Build.0 = Debug|Any CPU
		{ACD4145A-1ED7-40C3-8176-36251DC8A795}.Release|Any CPU.ActiveCfg = Release|Any CPU
		{ACD4145A-1ED7-40C3-8176-36251DC8A795}.Release|Any CPU.Build.0 = Release|Any CPU
		{0B90B4BE-FEB2-4BA4-98E7-0AA533305420}.Debug|Any CPU.ActiveCfg = Debug|Any CPU
		{0B90B4BE-FEB2-4BA4-98E7-0AA533305420}.Debug|Any CPU.Build.0 = Debug|Any CPU
		{0B90B4BE-FEB2-4BA4-98E7-0AA533305420}.Release|Any CPU.ActiveCfg = Release|Any CPU
		{0B90B4BE-FEB2-4BA4-98E7-0AA533305420}.Release|Any CPU.Build.0 = Release|Any CPU
		{F62E22D8-A554-4E5A-A8A4-523644B7CC0B}.Debug|Any CPU.ActiveCfg = Debug|Any CPU
		{F62E22D8-A554-4E5A-A8A4-523644B7CC0B}.Debug|Any CPU.Build.0 = Debug|Any CPU
		{F62E22D8-A554-4E5A-A8A4-523644B7CC0B}.Release|Any CPU.ActiveCfg = Release|Any CPU
		{F62E22D8-A554-4E5A-A8A4-523644B7CC0B}.Release|Any CPU.Build.0 = Release|Any CPU
		{AC7AC089-260C-4FCC-B8A5-6F25B1B7EC17}.Debug|Any CPU.ActiveCfg = Debug|Any CPU
		{AC7AC089-260C-4FCC-B8A5-6F25B1B7EC17}.Debug|Any CPU.Build.0 = Debug|Any CPU
		{AC7AC089-260C-4FCC-B8A5-6F25B1B7EC17}.Release|Any CPU.ActiveCfg = Release|Any CPU
		{AC7AC089-260C-4FCC-B8A5-6F25B1B7EC17}.Release|Any CPU.Build.0 = Release|Any CPU
		{A9990407-E4DC-4A71-A29F-FB7F61C6F4BA}.Debug|Any CPU.ActiveCfg = Debug|Any CPU
		{A9990407-E4DC-4A71-A29F-FB7F61C6F4BA}.Debug|Any CPU.Build.0 = Debug|Any CPU
		{A9990407-E4DC-4A71-A29F-FB7F61C6F4BA}.Release|Any CPU.ActiveCfg = Release|Any CPU
		{A9990407-E4DC-4A71-A29F-FB7F61C6F4BA}.Release|Any CPU.Build.0 = Release|Any CPU
		{E3EE73DC-1139-48AC-8AC3-E12A283F6213}.Debug|Any CPU.ActiveCfg = Debug|Any CPU
		{E3EE73DC-1139-48AC-8AC3-E12A283F6213}.Debug|Any CPU.Build.0 = Debug|Any CPU
		{E3EE73DC-1139-48AC-8AC3-E12A283F6213}.Release|Any CPU.ActiveCfg = Release|Any CPU
		{E3EE73DC-1139-48AC-8AC3-E12A283F6213}.Release|Any CPU.Build.0 = Release|Any CPU
		{E43CD1A1-099B-4A96-906C-6E563C8E65CD}.Debug|Any CPU.ActiveCfg = Debug|Any CPU
		{E43CD1A1-099B-4A96-906C-6E563C8E65CD}.Debug|Any CPU.Build.0 = Debug|Any CPU
		{E43CD1A1-099B-4A96-906C-6E563C8E65CD}.Release|Any CPU.ActiveCfg = Release|Any CPU
		{E43CD1A1-099B-4A96-906C-6E563C8E65CD}.Release|Any CPU.Build.0 = Release|Any CPU
		{76E78DED-D2E0-4E8A-9CA5-AA0C7F372ED7}.Debug|Any CPU.ActiveCfg = Debug|Any CPU
		{76E78DED-D2E0-4E8A-9CA5-AA0C7F372ED7}.Debug|Any CPU.Build.0 = Debug|Any CPU
		{76E78DED-D2E0-4E8A-9CA5-AA0C7F372ED7}.Release|Any CPU.ActiveCfg = Release|Any CPU
		{76E78DED-D2E0-4E8A-9CA5-AA0C7F372ED7}.Release|Any CPU.Build.0 = Release|Any CPU
		{D97CC8B3-A1E0-407F-B163-0EA46CCF13EB}.Debug|Any CPU.ActiveCfg = Debug|Any CPU
		{D97CC8B3-A1E0-407F-B163-0EA46CCF13EB}.Debug|Any CPU.Build.0 = Debug|Any CPU
		{D97CC8B3-A1E0-407F-B163-0EA46CCF13EB}.Release|Any CPU.ActiveCfg = Release|Any CPU
		{D97CC8B3-A1E0-407F-B163-0EA46CCF13EB}.Release|Any CPU.Build.0 = Release|Any CPU
		{F8DA95F7-BD7D-4976-A88E-341343376E96}.Debug|Any CPU.ActiveCfg = Debug|Any CPU
		{F8DA95F7-BD7D-4976-A88E-341343376E96}.Debug|Any CPU.Build.0 = Debug|Any CPU
		{F8DA95F7-BD7D-4976-A88E-341343376E96}.Release|Any CPU.ActiveCfg = Release|Any CPU
		{F8DA95F7-BD7D-4976-A88E-341343376E96}.Release|Any CPU.Build.0 = Release|Any CPU
		{E796C730-4B5D-41D1-8E14-E1E1B1CFDF98}.Debug|Any CPU.ActiveCfg = Debug|Any CPU
		{E796C730-4B5D-41D1-8E14-E1E1B1CFDF98}.Debug|Any CPU.Build.0 = Debug|Any CPU
		{E796C730-4B5D-41D1-8E14-E1E1B1CFDF98}.Release|Any CPU.ActiveCfg = Release|Any CPU
		{E796C730-4B5D-41D1-8E14-E1E1B1CFDF98}.Release|Any CPU.Build.0 = Release|Any CPU
		{F748F98F-D989-459B-97F7-4A400AFA2380}.Debug|Any CPU.ActiveCfg = Debug|Any CPU
		{F748F98F-D989-459B-97F7-4A400AFA2380}.Debug|Any CPU.Build.0 = Debug|Any CPU
		{F748F98F-D989-459B-97F7-4A400AFA2380}.Release|Any CPU.ActiveCfg = Release|Any CPU
		{F748F98F-D989-459B-97F7-4A400AFA2380}.Release|Any CPU.Build.0 = Release|Any CPU
		{73DF49B9-31BB-42ED-93CD-16FC98C2817A}.Debug|Any CPU.ActiveCfg = Debug|Any CPU
		{73DF49B9-31BB-42ED-93CD-16FC98C2817A}.Debug|Any CPU.Build.0 = Debug|Any CPU
		{73DF49B9-31BB-42ED-93CD-16FC98C2817A}.Release|Any CPU.ActiveCfg = Release|Any CPU
		{73DF49B9-31BB-42ED-93CD-16FC98C2817A}.Release|Any CPU.Build.0 = Release|Any CPU
		{B98FF124-C645-4A5F-B6C6-EC0AEEBDA2A7}.Debug|Any CPU.ActiveCfg = Debug|Any CPU
		{B98FF124-C645-4A5F-B6C6-EC0AEEBDA2A7}.Debug|Any CPU.Build.0 = Debug|Any CPU
		{B98FF124-C645-4A5F-B6C6-EC0AEEBDA2A7}.Release|Any CPU.ActiveCfg = Release|Any CPU
		{B98FF124-C645-4A5F-B6C6-EC0AEEBDA2A7}.Release|Any CPU.Build.0 = Release|Any CPU
		{9E018BE4-39BE-48D1-A223-5B830F5FF396}.Debug|Any CPU.ActiveCfg = Debug|Any CPU
		{9E018BE4-39BE-48D1-A223-5B830F5FF396}.Debug|Any CPU.Build.0 = Debug|Any CPU
		{9E018BE4-39BE-48D1-A223-5B830F5FF396}.Release|Any CPU.ActiveCfg = Release|Any CPU
		{9E018BE4-39BE-48D1-A223-5B830F5FF396}.Release|Any CPU.Build.0 = Release|Any CPU
		{5BEE3A8B-25ED-4A4B-ADCF-03CFFCCA34BA}.Debug|Any CPU.ActiveCfg = Debug|Any CPU
		{5BEE3A8B-25ED-4A4B-ADCF-03CFFCCA34BA}.Debug|Any CPU.Build.0 = Debug|Any CPU
		{5BEE3A8B-25ED-4A4B-ADCF-03CFFCCA34BA}.Release|Any CPU.ActiveCfg = Release|Any CPU
		{5BEE3A8B-25ED-4A4B-ADCF-03CFFCCA34BA}.Release|Any CPU.Build.0 = Release|Any CPU
		{3BF60FB5-9C16-4AD2-AEE9-F96F18F7EC84}.Debug|Any CPU.ActiveCfg = Debug|Any CPU
		{3BF60FB5-9C16-4AD2-AEE9-F96F18F7EC84}.Debug|Any CPU.Build.0 = Debug|Any CPU
		{3BF60FB5-9C16-4AD2-AEE9-F96F18F7EC84}.Release|Any CPU.ActiveCfg = Release|Any CPU
		{3BF60FB5-9C16-4AD2-AEE9-F96F18F7EC84}.Release|Any CPU.Build.0 = Release|Any CPU
		{206ABFF0-4C45-47CE-A13C-B9CE9D8E0D4C}.Debug|Any CPU.ActiveCfg = Debug|Any CPU
		{206ABFF0-4C45-47CE-A13C-B9CE9D8E0D4C}.Debug|Any CPU.Build.0 = Debug|Any CPU
		{206ABFF0-4C45-47CE-A13C-B9CE9D8E0D4C}.Release|Any CPU.ActiveCfg = Release|Any CPU
		{206ABFF0-4C45-47CE-A13C-B9CE9D8E0D4C}.Release|Any CPU.Build.0 = Release|Any CPU
	EndGlobalSection
	GlobalSection(SolutionProperties) = preSolution
		HideSolutionNode = FALSE
	EndGlobalSection
	GlobalSection(NestedProjects) = preSolution
		{55570792-C708-49A3-B505-48B66D681702} = {A7D2E7D6-B2AB-40DA-8E33-16052D8BEDAC}
		{ACD4145A-1ED7-40C3-8176-36251DC8A795} = {55570792-C708-49A3-B505-48B66D681702}
		{37D82408-7A6B-47AC-B6A8-20833ED00333} = {A7D2E7D6-B2AB-40DA-8E33-16052D8BEDAC}
		{0B90B4BE-FEB2-4BA4-98E7-0AA533305420} = {37D82408-7A6B-47AC-B6A8-20833ED00333}
		{00DBFD08-C329-4300-9C3B-D0BD7C2F4A87} = {A7D2E7D6-B2AB-40DA-8E33-16052D8BEDAC}
		{9C7BB584-F782-42BE-8737-77477A84C391} = {00DBFD08-C329-4300-9C3B-D0BD7C2F4A87}
		{5D555DEA-304B-47B6-8515-BD36D24FF11A} = {00DBFD08-C329-4300-9C3B-D0BD7C2F4A87}
		{614FF488-C01D-4CD4-9AEC-FB404FC6439C} = {00DBFD08-C329-4300-9C3B-D0BD7C2F4A87}
		{F62E22D8-A554-4E5A-A8A4-523644B7CC0B} = {5D555DEA-304B-47B6-8515-BD36D24FF11A}
		{AC7AC089-260C-4FCC-B8A5-6F25B1B7EC17} = {5D555DEA-304B-47B6-8515-BD36D24FF11A}
		{A9990407-E4DC-4A71-A29F-FB7F61C6F4BA} = {9C7BB584-F782-42BE-8737-77477A84C391}
		{E3EE73DC-1139-48AC-8AC3-E12A283F6213} = {614FF488-C01D-4CD4-9AEC-FB404FC6439C}
		{E43CD1A1-099B-4A96-906C-6E563C8E65CD} = {A61E1FE0-9906-4441-A747-4B0C28B8DA61}
		{2E967E9C-559F-42AC-B7E1-29AB1C122CD3} = {A7D2E7D6-B2AB-40DA-8E33-16052D8BEDAC}
		{76E78DED-D2E0-4E8A-9CA5-AA0C7F372ED7} = {2E967E9C-559F-42AC-B7E1-29AB1C122CD3}
		{D97CC8B3-A1E0-407F-B163-0EA46CCF13EB} = {2E967E9C-559F-42AC-B7E1-29AB1C122CD3}
		{F8DA95F7-BD7D-4976-A88E-341343376E96} = {2E967E9C-559F-42AC-B7E1-29AB1C122CD3}
		{E796C730-4B5D-41D1-8E14-E1E1B1CFDF98} = {2E967E9C-559F-42AC-B7E1-29AB1C122CD3}
		{F748F98F-D989-459B-97F7-4A400AFA2380} = {2E967E9C-559F-42AC-B7E1-29AB1C122CD3}
		{5B4DB18E-7B27-4D75-B004-E59DA8B0E671} = {A7D2E7D6-B2AB-40DA-8E33-16052D8BEDAC}
		{73DF49B9-31BB-42ED-93CD-16FC98C2817A} = {5B4DB18E-7B27-4D75-B004-E59DA8B0E671}
		{B98FF124-C645-4A5F-B6C6-EC0AEEBDA2A7} = {01D9475D-8006-4927-9C6C-44A5728BCAD5}
		{9E018BE4-39BE-48D1-A223-5B830F5FF396} = {01D9475D-8006-4927-9C6C-44A5728BCAD5}
		{E7CF77B6-988B-4E25-A621-F39537F962F6} = {A7D2E7D6-B2AB-40DA-8E33-16052D8BEDAC}
		{5BEE3A8B-25ED-4A4B-ADCF-03CFFCCA34BA} = {E7CF77B6-988B-4E25-A621-F39537F962F6}
		{3BF60FB5-9C16-4AD2-AEE9-F96F18F7EC84} = {ADA518EA-5D75-4465-8A9F-288779266EB9}
		{D65033A6-4D32-49B4-B6AB-0FE349B15CDE} = {A7D2E7D6-B2AB-40DA-8E33-16052D8BEDAC}
		{206ABFF0-4C45-47CE-A13C-B9CE9D8E0D4C} = {D65033A6-4D32-49B4-B6AB-0FE349B15CDE}
	EndGlobalSection
	GlobalSection(ExtensibilityGlobals) = postSolution
		SolutionGuid = {B9C65A3E-BD04-4A0F-ACE4-8F26805AFDF8}
	EndGlobalSection
EndGlobal
