
Microsoft Visual Studio Solution File, Format Version 12.00
# Visual Studio Version 17
VisualStudioVersion = 17.9.34622.214
MinimumVisualStudioVersion = 10.0.40219.1
Project("{2150E333-8FDC-42A3-9474-1A3956D46DE8}") = "Services", "Services", "{A7D2E7D6-B2AB-40DA-8E33-16052D8BEDAC}"
EndProject
Project("{2150E333-8FDC-42A3-9474-1A3956D46DE8}") = "Catalog", "Catalog", "{55570792-C708-49A3-B505-48B66D681702}"
EndProject
Project("{9A19103F-16F7-4668-BE54-9A1E7A4F7556}") = "MultiShop.Catalog", "Services\Catalog\MultiShop.Catalog\MultiShop.Catalog.csproj", "{ACD4145A-1ED7-40C3-8176-36251DC8A795}"
EndProject
Project("{2150E333-8FDC-42A3-9474-1A3956D46DE8}") = "Discount", "Discount", "{37D82408-7A6B-47AC-B6A8-20833ED00333}"
EndProject
Project("{9A19103F-16F7-4668-BE54-9A1E7A4F7556}") = "MultiShop.Discount", "Services\Discount\MultiShop.Discount\MultiShop.Discount.csproj", "{0B90B4BE-FEB2-4BA4-98E7-0AA533305420}"
EndProject
Project("{2150E333-8FDC-42A3-9474-1A3956D46DE8}") = "Order", "Order", "{00DBFD08-C329-4300-9C3B-D0BD7C2F4A87}"
EndProject
Project("{2150E333-8FDC-42A3-9474-1A3956D46DE8}") = "Infrastructure", "Infrastructure", "{9C7BB584-F782-42BE-8737-77477A84C391}"
EndProject
Project("{2150E333-8FDC-42A3-9474-1A3956D46DE8}") = "Core", "Core", "{5D555DEA-304B-47B6-8515-BD36D24FF11A}"
EndProject
Project("{2150E333-8FDC-42A3-9474-1A3956D46DE8}") = "Presentation", "Presentation", "{614FF488-C01D-4CD4-9AEC-FB404FC6439C}"
EndProject
Project("{9A19103F-16F7-4668-BE54-9A1E7A4F7556}") = "MultiShop.Order.Domain", "Services\Order\Core\MultiShop.Order.Domain\MultiShop.Order.Domain.csproj", "{E8151687-4E4F-4159-AD9D-18CCE396DB6A}"
EndProject
Project("{9A19103F-16F7-4668-BE54-9A1E7A4F7556}") = "MultiShop.Order.Application", "Services\Order\Core\MultiShop.Order.Application\MultiShop.Order.Application.csproj", "{897BBE4C-1E4B-4598-A519-3B6932E5FA8D}"
EndProject
Project("{9A19103F-16F7-4668-BE54-9A1E7A4F7556}") = "MultiShop.Order.Persistence", "Services\Order\Infrastructure\MultiShop.Order.Persistence\MultiShop.Order.Persistence.csproj", "{5EE38D16-8F60-471D-9B70-79AE650DFD49}"
EndProject
Project("{9A19103F-16F7-4668-BE54-9A1E7A4F7556}") = "MultiShop.Order.WebApi", "Services\Order\Presentation\MultiShop.Order.WebApi\MultiShop.Order.WebApi.csproj", "{FF8C8D0A-BAB6-4F44-86BE-27D5E8271EE5}"
EndProject
Project("{2150E333-8FDC-42A3-9474-1A3956D46DE8}") = "IdentityServer", "IdentityServer", "{DFECBA4E-71E0-4C94-BB9E-A239E6A1025B}"
EndProject
Project("{9A19103F-16F7-4668-BE54-9A1E7A4F7556}") = "MultiShop.IdentityServer", "IdentityServer\MultiShop.IdentityServer\MultiShop.IdentityServer.csproj", "{A3F1DC9F-86A1-4D68-A686-D1F2C36A544B}"
EndProject
Global
	GlobalSection(SolutionConfigurationPlatforms) = preSolution
		Debug|Any CPU = Debug|Any CPU
		Release|Any CPU = Release|Any CPU
	EndGlobalSection
	GlobalSection(ProjectConfigurationPlatforms) = postSolution
		{ACD4145A-1ED7-40C3-8176-36251DC8A795}.Debug|Any CPU.ActiveCfg = Debug|Any CPU
		{ACD4145A-1ED7-40C3-8176-36251DC8A795}.Debug|Any CPU.Build.0 = Debug|Any CPU
		{ACD4145A-1ED7-40C3-8176-36251DC8A795}.Release|Any CPU.ActiveCfg = Release|Any CPU
		{ACD4145A-1ED7-40C3-8176-36251DC8A795}.Release|Any CPU.Build.0 = Release|Any CPU
		{0B90B4BE-FEB2-4BA4-98E7-0AA533305420}.Debug|Any CPU.ActiveCfg = Debug|Any CPU
		{0B90B4BE-FEB2-4BA4-98E7-0AA533305420}.Debug|Any CPU.Build.0 = Debug|Any CPU
		{0B90B4BE-FEB2-4BA4-98E7-0AA533305420}.Release|Any CPU.ActiveCfg = Release|Any CPU
		{0B90B4BE-FEB2-4BA4-98E7-0AA533305420}.Release|Any CPU.Build.0 = Release|Any CPU
		{E8151687-4E4F-4159-AD9D-18CCE396DB6A}.Debug|Any CPU.ActiveCfg = Debug|Any CPU
		{E8151687-4E4F-4159-AD9D-18CCE396DB6A}.Debug|Any CPU.Build.0 = Debug|Any CPU
		{E8151687-4E4F-4159-AD9D-18CCE396DB6A}.Release|Any CPU.ActiveCfg = Release|Any CPU
		{E8151687-4E4F-4159-AD9D-18CCE396DB6A}.Release|Any CPU.Build.0 = Release|Any CPU
		{897BBE4C-1E4B-4598-A519-3B6932E5FA8D}.Debug|Any CPU.ActiveCfg = Debug|Any CPU
		{897BBE4C-1E4B-4598-A519-3B6932E5FA8D}.Debug|Any CPU.Build.0 = Debug|Any CPU
		{897BBE4C-1E4B-4598-A519-3B6932E5FA8D}.Release|Any CPU.ActiveCfg = Release|Any CPU
		{897BBE4C-1E4B-4598-A519-3B6932E5FA8D}.Release|Any CPU.Build.0 = Release|Any CPU
		{5EE38D16-8F60-471D-9B70-79AE650DFD49}.Debug|Any CPU.ActiveCfg = Debug|Any CPU
		{5EE38D16-8F60-471D-9B70-79AE650DFD49}.Debug|Any CPU.Build.0 = Debug|Any CPU
		{5EE38D16-8F60-471D-9B70-79AE650DFD49}.Release|Any CPU.ActiveCfg = Release|Any CPU
		{5EE38D16-8F60-471D-9B70-79AE650DFD49}.Release|Any CPU.Build.0 = Release|Any CPU
		{FF8C8D0A-BAB6-4F44-86BE-27D5E8271EE5}.Debug|Any CPU.ActiveCfg = Debug|Any CPU
		{FF8C8D0A-BAB6-4F44-86BE-27D5E8271EE5}.Debug|Any CPU.Build.0 = Debug|Any CPU
		{FF8C8D0A-BAB6-4F44-86BE-27D5E8271EE5}.Release|Any CPU.ActiveCfg = Release|Any CPU
		{FF8C8D0A-BAB6-4F44-86BE-27D5E8271EE5}.Release|Any CPU.Build.0 = Release|Any CPU
		{A3F1DC9F-86A1-4D68-A686-D1F2C36A544B}.Debug|Any CPU.ActiveCfg = Debug|Any CPU
		{A3F1DC9F-86A1-4D68-A686-D1F2C36A544B}.Debug|Any CPU.Build.0 = Debug|Any CPU
		{A3F1DC9F-86A1-4D68-A686-D1F2C36A544B}.Release|Any CPU.ActiveCfg = Release|Any CPU
		{A3F1DC9F-86A1-4D68-A686-D1F2C36A544B}.Release|Any CPU.Build.0 = Release|Any CPU
	EndGlobalSection
	GlobalSection(SolutionProperties) = preSolution
		HideSolutionNode = FALSE
	EndGlobalSection
	GlobalSection(NestedProjects) = preSolution
		{55570792-C708-49A3-B505-48B66D681702} = {A7D2E7D6-B2AB-40DA-8E33-16052D8BEDAC}
		{ACD4145A-1ED7-40C3-8176-36251DC8A795} = {55570792-C708-49A3-B505-48B66D681702}
		{37D82408-7A6B-47AC-B6A8-20833ED00333} = {A7D2E7D6-B2AB-40DA-8E33-16052D8BEDAC}
		{0B90B4BE-FEB2-4BA4-98E7-0AA533305420} = {37D82408-7A6B-47AC-B6A8-20833ED00333}
		{00DBFD08-C329-4300-9C3B-D0BD7C2F4A87} = {A7D2E7D6-B2AB-40DA-8E33-16052D8BEDAC}
		{9C7BB584-F782-42BE-8737-77477A84C391} = {00DBFD08-C329-4300-9C3B-D0BD7C2F4A87}
		{5D555DEA-304B-47B6-8515-BD36D24FF11A} = {00DBFD08-C329-4300-9C3B-D0BD7C2F4A87}
		{614FF488-C01D-4CD4-9AEC-FB404FC6439C} = {00DBFD08-C329-4300-9C3B-D0BD7C2F4A87}
		{E8151687-4E4F-4159-AD9D-18CCE396DB6A} = {5D555DEA-304B-47B6-8515-BD36D24FF11A}
		{897BBE4C-1E4B-4598-A519-3B6932E5FA8D} = {5D555DEA-304B-47B6-8515-BD36D24FF11A}
		{5EE38D16-8F60-471D-9B70-79AE650DFD49} = {9C7BB584-F782-42BE-8737-77477A84C391}
		{FF8C8D0A-BAB6-4F44-86BE-27D5E8271EE5} = {614FF488-C01D-4CD4-9AEC-FB404FC6439C}
		{A3F1DC9F-86A1-4D68-A686-D1F2C36A544B} = {DFECBA4E-71E0-4C94-BB9E-A239E6A1025B}
	EndGlobalSection
	GlobalSection(ExtensibilityGlobals) = postSolution
		SolutionGuid = {B9C65A3E-BD04-4A0F-ACE4-8F26805AFDF8}
	EndGlobalSection
EndGlobal
